
Microsoft Visual Studio Solution File, Format Version 12.00
# Visual Studio Express 2012 for Windows Desktop
Project("{FAE04EC0-301F-11D3-BF4B-00C04F79EFBC}") = "GameOfLife", "GameOfLife\GameOfLife.csproj", "{67DD0ABB-5679-4CF6-A4BF-C146EFC7011D}"
EndProject
Project("{FAE04EC0-301F-11D3-BF4B-00C04F79EFBC}") = "GameOfLife.Tests", "GameOfLife.Test\GameOfLife.Tests.csproj", "{93AE889F-2731-4E2E-ADF7-036BFD5B3AB1}"
EndProject
Global
	GlobalSection(SolutionConfigurationPlatforms) = preSolution
		Debug|Any CPU = Debug|Any CPU
		Release|Any CPU = Release|Any CPU
	EndGlobalSection
	GlobalSection(ProjectConfigurationPlatforms) = postSolution
		{67DD0ABB-5679-4CF6-A4BF-C146EFC7011D}.Debug|Any CPU.ActiveCfg = Debug|Any CPU
		{67DD0ABB-5679-4CF6-A4BF-C146EFC7011D}.Debug|Any CPU.Build.0 = Debug|Any CPU
		{67DD0ABB-5679-4CF6-A4BF-C146EFC7011D}.Release|Any CPU.ActiveCfg = Release|Any CPU
		{67DD0ABB-5679-4CF6-A4BF-C146EFC7011D}.Release|Any CPU.Build.0 = Release|Any CPU
		{93AE889F-2731-4E2E-ADF7-036BFD5B3AB1}.Debug|Any CPU.ActiveCfg = Debug|Any CPU
		{93AE889F-2731-4E2E-ADF7-036BFD5B3AB1}.Debug|Any CPU.Build.0 = Debug|Any CPU
		{93AE889F-2731-4E2E-ADF7-036BFD5B3AB1}.Release|Any CPU.ActiveCfg = Release|Any CPU
		{93AE889F-2731-4E2E-ADF7-036BFD5B3AB1}.Release|Any CPU.Build.0 = Release|Any CPU
	EndGlobalSection
	GlobalSection(SolutionProperties) = preSolution
		HideSolutionNode = FALSE
	EndGlobalSection
EndGlobal
